{
    "requires": true,
    "lockfileVersion": 1,
    "dependencies": {
        "@nodelib/fs.scandir": {
            "version": "2.1.4",
            "resolved": "https://registry.npmjs.org/@nodelib/fs.scandir/-/fs.scandir-2.1.4.tgz",
            "integrity": "sha512-33g3pMJk3bg5nXbL/+CY6I2eJDzZAni49PfJnL5fghPTggPvBd/pFNSgJsdAgWptuFu7qq/ERvOYFlhvsLTCKA==",
            "dev": true,
            "requires": {
                "@nodelib/fs.stat": "2.0.4",
                "run-parallel": "^1.1.9"
            }
        },
        "@nodelib/fs.stat": {
            "version": "2.0.4",
            "resolved": "https://registry.npmjs.org/@nodelib/fs.stat/-/fs.stat-2.0.4.tgz",
            "integrity": "sha512-IYlHJA0clt2+Vg7bccq+TzRdJvv19c2INqBSsoOLp1je7xjtr7J26+WXR72MCdvU9q1qTzIWDfhMf+DRvQJK4Q==",
            "dev": true
        },
        "@nodelib/fs.walk": {
            "version": "1.2.6",
            "resolved": "https://registry.npmjs.org/@nodelib/fs.walk/-/fs.walk-1.2.6.tgz",
            "integrity": "sha512-8Broas6vTtW4GIXTAHDoE32hnN2M5ykgCpWGbuXHQ15vEMqr23pB76e/GZcYsZCHALv50ktd24qhEyKr6wBtow==",
            "dev": true,
            "requires": {
                "@nodelib/fs.scandir": "2.1.4",
                "fastq": "^1.6.0"
            }
        },
        "@stimulus/core": {
            "version": "2.0.0",
            "resolved": "https://registry.npmjs.org/@stimulus/core/-/core-2.0.0.tgz",
            "integrity": "sha512-ff70GafKtzc8zQ1/cG+UvL06GcifPWovf2wBEdjLMh9xO2GOYURO3y2RYgzIGYUIBefQwyfX2CLfJdZFJrEPTw==",
            "dev": true,
            "requires": {
                "@stimulus/mutation-observers": "^2.0.0"
            }
        },
        "@stimulus/multimap": {
            "version": "2.0.0",
            "resolved": "https://registry.npmjs.org/@stimulus/multimap/-/multimap-2.0.0.tgz",
            "integrity": "sha512-pMBCewkZCFVB3e5mEMoyO9+9aKzHDITmf3OnPun51YWxlcPdHcwbjqm1ylK63fsoduIE+RowBpFwFqd3poEz4w==",
            "dev": true
        },
        "@stimulus/mutation-observers": {
            "version": "2.0.0",
            "resolved": "https://registry.npmjs.org/@stimulus/mutation-observers/-/mutation-observers-2.0.0.tgz",
            "integrity": "sha512-kx4VAJdPhIGBQKGIoUDC2tupEKorG3A+ckc2b1UiwInKTMAC1axOHU8ebcwhaJIxRqIrs8//4SJo9YAAOx6FEg==",
            "dev": true,
            "requires": {
                "@stimulus/multimap": "^2.0.0"
            }
        },
        "@stimulus/webpack-helpers": {
            "version": "2.0.0",
            "resolved": "https://registry.npmjs.org/@stimulus/webpack-helpers/-/webpack-helpers-2.0.0.tgz",
            "integrity": "sha512-D6tJWsAC024MwGEIKlUVYU8Ln87mlrmiwHvYAjipg+s8H4eLxUMQ3PZkWyPevfipH+oR3leuHsjYsK1gN5ViQA==",
            "dev": true
        },
        "@symfony/stimulus-bridge": {
            "version": "2.0.2",
            "resolved": "https://registry.npmjs.org/@symfony/stimulus-bridge/-/stimulus-bridge-2.0.2.tgz",
            "integrity": "sha512-n3Ku/mLv825v6+O38WO2U0wkuYL2BA1175cBLg+v8OjE51ujWmXTS9dOBpHjQyo6ETexGpArWH9KcVkkCkA7GA==",
            "dev": true,
            "requires": {
                "acorn": "^8.0.5"
            }
        },
        "@types/json-schema": {
            "version": "7.0.7",
            "resolved": "https://registry.npmjs.org/@types/json-schema/-/json-schema-7.0.7.tgz",
            "integrity": "sha512-cxWFQVseBm6O9Gbw1IWb8r6OS4OhSt3hPZLkFApLjM8TEXROBuQGLAH2i2gZpcXdLBIrpXuTDhH7Vbm1iXmNGA==",
            "dev": true
        },
        "acorn": {
            "version": "8.0.5",
            "resolved": "https://registry.npmjs.org/acorn/-/acorn-8.0.5.tgz",
            "integrity": "sha512-v+DieK/HJkJOpFBETDJioequtc3PfxsWMaxIdIwujtF7FEV/MAyDQLlm6/zPvr7Mix07mLh6ccVwIsloceodlg==",
            "dev": true
        },
        "ajv": {
            "version": "6.12.6",
            "resolved": "https://registry.npmjs.org/ajv/-/ajv-6.12.6.tgz",
            "integrity": "sha512-j3fVLgvTo527anyYyJOGTYJbG+vnnQYvE0m5mmkc1TK+nxAppkCLMIL0aZ4dblVCNoGShhm+kzE4ZUykBoMg4g==",
            "dev": true,
            "requires": {
                "fast-deep-equal": "^3.1.1",
                "fast-json-stable-stringify": "^2.0.0",
                "json-schema-traverse": "^0.4.1",
                "uri-js": "^4.2.2"
            }
        },
        "ajv-keywords": {
            "version": "3.5.2",
            "resolved": "https://registry.npmjs.org/ajv-keywords/-/ajv-keywords-3.5.2.tgz",
            "integrity": "sha512-5p6WTN0DdTGVQk6VjcEju19IgaHudalcfabD7yhDGeA6bcQnmL+CpveLJq/3hvfwd1aof6L386Ougkx6RfyMIQ==",
            "dev": true
        },
        "big.js": {
            "version": "5.2.2",
            "resolved": "https://registry.npmjs.org/big.js/-/big.js-5.2.2.tgz",
            "integrity": "sha512-vyL2OymJxmarO8gxMr0mhChsO9QGwhynfuu4+MHTAW6czfq9humCB7rKpUjDd9YUiDPU4mzpyupFSvOClAwbmQ==",
            "dev": true
        },
        "braces": {
            "version": "3.0.2",
            "resolved": "https://registry.npmjs.org/braces/-/braces-3.0.2.tgz",
            "integrity": "sha512-b8um+L1RzM3WDSzvhm6gIz1yfTbBt6YTlcEKAvsmqCZZFw46z626lVj9j1yEPW33H5H+lBQpZMP1k8l+78Ha0A==",
            "dev": true,
            "requires": {
                "fill-range": "^7.0.1"
            }
        },
        "copy-webpack-plugin": {
            "version": "7.0.0",
            "resolved": "https://registry.npmjs.org/copy-webpack-plugin/-/copy-webpack-plugin-7.0.0.tgz",
            "integrity": "sha512-SLjQNa5iE3BoCP76ESU9qYo9ZkEWtXoZxDurHoqPchAFRblJ9g96xTeC560UXBMre1Nx6ixIIUfiY3VcjpJw3g==",
            "dev": true,
            "requires": {
                "fast-glob": "^3.2.4",
                "glob-parent": "^5.1.1",
                "globby": "^11.0.1",
                "loader-utils": "^2.0.0",
                "normalize-path": "^3.0.0",
                "p-limit": "^3.0.2",
                "schema-utils": "^3.0.0",
                "serialize-javascript": "^5.0.1"
            },
            "dependencies": {
                "array-union": {
                    "version": "2.1.0",
                    "resolved": "https://registry.npmjs.org/array-union/-/array-union-2.1.0.tgz",
                    "integrity": "sha512-HGyxoOTYUyCM6stUe6EJgnd4EoewAI7zMdfqO+kGjnlZmBDz/cR5pf8r/cR4Wq60sL/p0IkcjUEEPwS3GFrIyw==",
                    "dev": true
                },
                "globby": {
                    "version": "11.0.2",
                    "resolved": "https://registry.npmjs.org/globby/-/globby-11.0.2.tgz",
                    "integrity": "sha512-2ZThXDvvV8fYFRVIxnrMQBipZQDr7MxKAmQK1vujaj9/7eF0efG7BPUKJ7jP7G5SLF37xKDXvO4S/KKLj/Z0og==",
                    "dev": true,
                    "requires": {
                        "array-union": "^2.1.0",
                        "dir-glob": "^3.0.1",
                        "fast-glob": "^3.1.1",
                        "ignore": "^5.1.4",
                        "merge2": "^1.3.0",
                        "slash": "^3.0.0"
                    }
                },
                "p-limit": {
                    "version": "3.1.0",
                    "resolved": "https://registry.npmjs.org/p-limit/-/p-limit-3.1.0.tgz",
                    "integrity": "sha512-TYOanM3wGwNGsZN2cVTYPArw454xnXj5qmWF1bEoAc4+cU/ol7GVh7odevjp1FNHduHc3KZMcFduxU5Xc6uJRQ==",
                    "dev": true,
                    "requires": {
                        "yocto-queue": "^0.1.0"
                    }
                },
                "schema-utils": {
                    "version": "3.0.0",
                    "resolved": "https://registry.npmjs.org/schema-utils/-/schema-utils-3.0.0.tgz",
                    "integrity": "sha512-6D82/xSzO094ajanoOSbe4YvXWMfn2A//8Y1+MUqFAJul5Bs+yn36xbK9OtNDcRVSBJ9jjeoXftM6CfztsjOAA==",
                    "dev": true,
                    "requires": {
                        "@types/json-schema": "^7.0.6",
                        "ajv": "^6.12.5",
                        "ajv-keywords": "^3.5.2"
                    }
                }
            }
        },
        "core-js": {
            "version": "3.9.0",
            "resolved": "https://registry.npmjs.org/core-js/-/core-js-3.9.0.tgz",
            "integrity": "sha512-PyFBJaLq93FlyYdsndE5VaueA9K5cNB7CGzeCj191YYLhkQM0gdZR2SKihM70oF0wdqKSKClv/tEBOpoRmdOVQ==",
            "dev": true
        },
        "dir-glob": {
            "version": "3.0.1",
            "resolved": "https://registry.npmjs.org/dir-glob/-/dir-glob-3.0.1.tgz",
            "integrity": "sha512-WkrWp9GR4KXfKGYzOLmTuGVi1UWFfws377n9cc55/tb6DuqyF6pcQ5AbiHEshaDpY9v6oaSr2XCDidGmMwdzIA==",
            "dev": true,
            "requires": {
                "path-type": "^4.0.0"
            }
        },
        "emojis-list": {
            "version": "3.0.0",
            "resolved": "https://registry.npmjs.org/emojis-list/-/emojis-list-3.0.0.tgz",
            "integrity": "sha512-/kyM18EfinwXZbno9FyUGeFh87KC8HRQBQGildHZbEuRyWFOmv1U10o9BBp8XVZDVNNuQKyIGIu5ZYAAXJ0V2Q==",
            "dev": true
        },
        "fast-deep-equal": {
            "version": "3.1.3",
            "resolved": "https://registry.npmjs.org/fast-deep-equal/-/fast-deep-equal-3.1.3.tgz",
            "integrity": "sha512-f3qQ9oQy9j2AhBe/H9VC91wLmKBCCU/gDOnKNAYG5hswO7BLKj09Hc5HYNz9cGI++xlpDCIgDaitVs03ATR84Q==",
            "dev": true
        },
        "fast-glob": {
            "version": "3.2.5",
            "resolved": "https://registry.npmjs.org/fast-glob/-/fast-glob-3.2.5.tgz",
            "integrity": "sha512-2DtFcgT68wiTTiwZ2hNdJfcHNke9XOfnwmBRWXhmeKM8rF0TGwmC/Qto3S7RoZKp5cilZbxzO5iTNTQsJ+EeDg==",
            "dev": true,
            "requires": {
                "@nodelib/fs.stat": "^2.0.2",
                "@nodelib/fs.walk": "^1.2.3",
                "glob-parent": "^5.1.0",
                "merge2": "^1.3.0",
                "micromatch": "^4.0.2",
                "picomatch": "^2.2.1"
            }
        },
        "fast-json-stable-stringify": {
            "version": "2.1.0",
            "resolved": "https://registry.npmjs.org/fast-json-stable-stringify/-/fast-json-stable-stringify-2.1.0.tgz",
            "integrity": "sha512-lhd/wF+Lk98HZoTCtlVraHtfh5XYijIjalXck7saUtuanSDyLMxnHhSXEDJqHxD7msR8D0uCmqlkwjCV8xvwHw==",
            "dev": true
        },
        "fastq": {
            "version": "1.11.0",
            "resolved": "https://registry.npmjs.org/fastq/-/fastq-1.11.0.tgz",
            "integrity": "sha512-7Eczs8gIPDrVzT+EksYBcupqMyxSHXXrHOLRRxU2/DicV8789MRBRR8+Hc2uWzUupOs4YS4JzBmBxjjCVBxD/g==",
            "dev": true,
            "requires": {
                "reusify": "^1.0.4"
            }
        },
        "fill-range": {
            "version": "7.0.1",
            "resolved": "https://registry.npmjs.org/fill-range/-/fill-range-7.0.1.tgz",
            "integrity": "sha512-qOo9F+dMUmC2Lcb4BbVvnKJxTPjCm+RRpe4gDuGrzkL7mEVl/djYSu2OdQ2Pa302N4oqkSg9ir6jaLWJ2USVpQ==",
            "dev": true,
            "requires": {
                "to-regex-range": "^5.0.1"
            }
        },
        "glob-parent": {
            "version": "5.1.1",
            "resolved": "https://registry.npmjs.org/glob-parent/-/glob-parent-5.1.1.tgz",
            "integrity": "sha512-FnI+VGOpnlGHWZxthPGR+QhR78fuiK0sNLkHQv+bL9fQi57lNNdquIbna/WrfROrolq8GK5Ek6BiMwqL/voRYQ==",
            "dev": true,
            "requires": {
                "is-glob": "^4.0.1"
            }
        },
        "growly": {
            "version": "1.3.0",
            "resolved": "https://registry.npmjs.org/growly/-/growly-1.3.0.tgz",
            "integrity": "sha1-8QdIy+dq+WS3yWyTxrzCivEgwIE=",
            "dev": true
        },
        "ignore": {
            "version": "5.1.8",
            "resolved": "https://registry.npmjs.org/ignore/-/ignore-5.1.8.tgz",
            "integrity": "sha512-BMpfD7PpiETpBl/A6S498BaIJ6Y/ABT93ETbby2fP00v4EbvPBXWEoaR1UBPKs3iR53pJY7EtZk5KACI57i1Uw==",
            "dev": true
        },
        "is-docker": {
            "version": "2.1.1",
            "resolved": "https://registry.npmjs.org/is-docker/-/is-docker-2.1.1.tgz",
            "integrity": "sha512-ZOoqiXfEwtGknTiuDEy8pN2CfE3TxMHprvNer1mXiqwkOT77Rw3YVrUQ52EqAOU3QAWDQ+bQdx7HJzrv7LS2Hw==",
            "dev": true
        },
        "is-extglob": {
            "version": "2.1.1",
            "resolved": "https://registry.npmjs.org/is-extglob/-/is-extglob-2.1.1.tgz",
            "integrity": "sha1-qIwCU1eR8C7TfHahueqXc8gz+MI=",
            "dev": true
        },
        "is-glob": {
            "version": "4.0.1",
            "resolved": "https://registry.npmjs.org/is-glob/-/is-glob-4.0.1.tgz",
            "integrity": "sha512-5G0tKtBTFImOqDnLB2hG6Bp2qcKEFduo4tZu9MT/H6NQv/ghhy30o55ufafxJ/LdH79LLs2Kfrn85TLKyA7BUg==",
            "dev": true,
            "requires": {
                "is-extglob": "^2.1.1"
            }
        },
        "is-number": {
            "version": "7.0.0",
            "resolved": "https://registry.npmjs.org/is-number/-/is-number-7.0.0.tgz",
            "integrity": "sha512-41Cifkg6e8TylSpdtTpeLVMqvSBEVzTttHvERD741+pnZ8ANv0004MRL43QKPDlK9cGvNp6NZWZUBlbGXYxxng==",
            "dev": true
        },
        "is-wsl": {
            "version": "2.2.0",
            "resolved": "https://registry.npmjs.org/is-wsl/-/is-wsl-2.2.0.tgz",
            "integrity": "sha512-fKzAra0rGJUUBwGBgNkHZuToZcn+TtXHpeCgmkMJMMYx1sQDYaCSyjJBSCa2nH1DGm7s3n1oBnohoVTBaN7Lww==",
            "dev": true,
            "requires": {
                "is-docker": "^2.0.0"
            }
        },
        "isexe": {
            "version": "2.0.0",
            "resolved": "https://registry.npmjs.org/isexe/-/isexe-2.0.0.tgz",
            "integrity": "sha1-6PvzdNxVb/iUehDcsFctYz8s+hA=",
            "dev": true
        },
        "json-schema-traverse": {
            "version": "0.4.1",
            "resolved": "https://registry.npmjs.org/json-schema-traverse/-/json-schema-traverse-0.4.1.tgz",
            "integrity": "sha512-xbbCH5dCYU5T8LcEhhuh7HJ88HXuW3qsI3Y0zOZFKfZEHcpWiHU/Jxzk629Brsab/mMiHQti9wMP+845RPe3Vg==",
            "dev": true
        },
        "json5": {
            "version": "2.2.0",
            "resolved": "https://registry.npmjs.org/json5/-/json5-2.2.0.tgz",
            "integrity": "sha512-f+8cldu7X/y7RAJurMEJmdoKXGB/X550w2Nr3tTbezL6RwEE/iMcm+tZnXeoZtKuOq6ft8+CqzEkrIgx1fPoQA==",
            "dev": true,
            "requires": {
                "minimist": "^1.2.5"
            }
        },
        "loader-utils": {
            "version": "2.0.0",
            "resolved": "https://registry.npmjs.org/loader-utils/-/loader-utils-2.0.0.tgz",
            "integrity": "sha512-rP4F0h2RaWSvPEkD7BLDFQnvSf+nK+wr3ESUjNTyAGobqrijmW92zc+SO6d4p4B1wh7+B/Jg1mkQe5NYUEHtHQ==",
            "dev": true,
            "requires": {
                "big.js": "^5.2.2",
                "emojis-list": "^3.0.0",
                "json5": "^2.1.2"
            }
        },
        "lru-cache": {
            "version": "6.0.0",
            "resolved": "https://registry.npmjs.org/lru-cache/-/lru-cache-6.0.0.tgz",
            "integrity": "sha512-Jo6dJ04CmSjuznwJSS3pUeWmd/H0ffTlkXXgwZi+eq1UCmqQwCh+eLsYOYCwY991i2Fah4h1BEMCx4qThGbsiA==",
            "dev": true,
            "requires": {
                "yallist": "^4.0.0"
            }
        },
        "merge2": {
            "version": "1.4.1",
            "resolved": "https://registry.npmjs.org/merge2/-/merge2-1.4.1.tgz",
            "integrity": "sha512-8q7VEgMJW4J8tcfVPy8g09NcQwZdbwFEqhe/WZkoIzjn/3TGDwtOCYtXGxA3O8tPzpczCCDgv+P2P5y00ZJOOg==",
            "dev": true
        },
        "micromatch": {
            "version": "4.0.2",
            "resolved": "https://registry.npmjs.org/micromatch/-/micromatch-4.0.2.tgz",
            "integrity": "sha512-y7FpHSbMUMoyPbYUSzO6PaZ6FyRnQOpHuKwbo1G+Knck95XVU4QAiKdGEnj5wwoS7PlOgthX/09u5iFJ+aYf5Q==",
            "dev": true,
            "requires": {
                "braces": "^3.0.1",
                "picomatch": "^2.0.5"
            }
        },
        "minimist": {
            "version": "1.2.5",
            "resolved": "https://registry.npmjs.org/minimist/-/minimist-1.2.5.tgz",
            "integrity": "sha512-FM9nNUYrRBAELZQT3xeZQ7fmMOBg6nWNmJKTcgsJeaLstP/UODVpGsr5OhXhhXg6f+qtJ8uiZ+PUxkDWcgIXLw==",
            "dev": true
        },
        "node-notifier": {
            "version": "9.0.0",
            "resolved": "https://registry.npmjs.org/node-notifier/-/node-notifier-9.0.0.tgz",
            "integrity": "sha512-SkwNwGnMMlSPrcoeH4CSo9XyWe72acAHEJGDdPdB+CyBVHsIYaTQ4U/1wk3URsyzC75xZLg2vzU2YaALlqDF1Q==",
            "dev": true,
            "requires": {
                "growly": "^1.3.0",
                "is-wsl": "^2.2.0",
                "semver": "^7.3.2",
                "shellwords": "^0.1.1",
                "uuid": "^8.3.0",
                "which": "^2.0.2"
            },
            "dependencies": {
                "uuid": {
                    "version": "8.3.2",
                    "resolved": "https://registry.npmjs.org/uuid/-/uuid-8.3.2.tgz",
                    "integrity": "sha512-+NYs2QeMWy+GWFOEm9xnn6HCDp0l7QBD7ml8zLUmJ+93Q5NF0NocErnwkTkXVFNiX3/fpC6afS8Dhb/gz7R7eg==",
                    "dev": true
                }
            }
        },
        "normalize-path": {
            "version": "3.0.0",
            "resolved": "https://registry.npmjs.org/normalize-path/-/normalize-path-3.0.0.tgz",
            "integrity": "sha512-6eZs5Ls3WtCisHWp9S2GUy8dqkpGi4BVSz3GaqiE6ezub0512ESztXUwUB6C6IKbQkY2Pnb/mD4WYojCRwcwLA==",
            "dev": true
        },
        "path-type": {
            "version": "4.0.0",
            "resolved": "https://registry.npmjs.org/path-type/-/path-type-4.0.0.tgz",
            "integrity": "sha512-gDKb8aZMDeD/tZWs9P6+q0J9Mwkdl6xMV8TjnGP3qJVJ06bdMgkbBlLU8IdfOsIsFz2BW1rNVT3XuNEl8zPAvw==",
            "dev": true
        },
        "picomatch": {
            "version": "2.2.2",
            "resolved": "https://registry.npmjs.org/picomatch/-/picomatch-2.2.2.tgz",
            "integrity": "sha512-q0M/9eZHzmr0AulXyPwNfZjtwZ/RBZlbN3K3CErVrk50T2ASYI7Bye0EvekFY3IP1Nt2DHu0re+V2ZHIpMkuWg==",
            "dev": true
        },
        "punycode": {
            "version": "2.1.1",
            "resolved": "https://registry.npmjs.org/punycode/-/punycode-2.1.1.tgz",
            "integrity": "sha512-XRsRjdf+j5ml+y/6GKHPZbrF/8p2Yga0JPtdqTIY2Xe5ohJPD9saDJJLPvp9+NSBprVvevdXZybnj2cv8OEd0A==",
            "dev": true
        },
        "queue-microtask": {
            "version": "1.2.2",
            "resolved": "https://registry.npmjs.org/queue-microtask/-/queue-microtask-1.2.2.tgz",
            "integrity": "sha512-dB15eXv3p2jDlbOiNLyMabYg1/sXvppd8DP2J3EOCQ0AkuSXCW2tP7mnVouVLJKgUMY6yP0kcQDVpLCN13h4Xg==",
            "dev": true
        },
        "randombytes": {
            "version": "2.1.0",
            "resolved": "https://registry.npmjs.org/randombytes/-/randombytes-2.1.0.tgz",
            "integrity": "sha512-vYl3iOX+4CKUWuxGi9Ukhie6fsqXqS9FE2Zaic4tNFD2N2QQaXOMFbuKK4QmDHC0JO6B1Zp41J0LpT0oR68amQ==",
            "dev": true,
            "requires": {
                "safe-buffer": "^5.1.0"
            }
        },
        "regenerator-runtime": {
            "version": "0.13.7",
            "resolved": "https://registry.npmjs.org/regenerator-runtime/-/regenerator-runtime-0.13.7.tgz",
            "integrity": "sha512-a54FxoJDIr27pgf7IgeQGxmqUNYrcV338lf/6gH456HZ/PhX+5BcwHXG9ajESmwe6WRO0tAzRUrRmNONWgkrew==",
            "dev": true
        },
        "reusify": {
            "version": "1.0.4",
            "resolved": "https://registry.npmjs.org/reusify/-/reusify-1.0.4.tgz",
            "integrity": "sha512-U9nH88a3fc/ekCF1l0/UP1IosiuIjyTh7hBvXVMHYgVcfGvt897Xguj2UOLDeI5BG2m7/uwyaLVT6fbtCwTyzw==",
            "dev": true
        },
        "run-parallel": {
            "version": "1.2.0",
            "resolved": "https://registry.npmjs.org/run-parallel/-/run-parallel-1.2.0.tgz",
            "integrity": "sha512-5l4VyZR86LZ/lDxZTR6jqL8AFE2S0IFLMP26AbjsLVADxHdhB/c0GUsH+y39UfCi3dzz8OlQuPmnaJOMoDHQBA==",
            "dev": true,
            "requires": {
                "queue-microtask": "^1.2.2"
            }
        },
        "safe-buffer": {
            "version": "5.1.2",
            "resolved": "https://registry.npmjs.org/safe-buffer/-/safe-buffer-5.1.2.tgz",
            "integrity": "sha512-Gd2UZBJDkXlY7GbJxfsE8/nvKkUEU1G38c1siN6QP6a9PT9MmHB8GnpscSmMJSoF8LOIrt8ud/wPtojys4G6+g==",
            "dev": true
        },
        "semver": {
            "version": "7.3.4",
            "resolved": "https://registry.npmjs.org/semver/-/semver-7.3.4.tgz",
            "integrity": "sha512-tCfb2WLjqFAtXn4KEdxIhalnRtoKFN7nAwj0B3ZXCbQloV2tq5eDbcTmT68JJD3nRJq24/XgxtQKFIpQdtvmVw==",
            "dev": true,
            "requires": {
                "lru-cache": "^6.0.0"
            }
        },
        "serialize-javascript": {
            "version": "5.0.1",
            "resolved": "https://registry.npmjs.org/serialize-javascript/-/serialize-javascript-5.0.1.tgz",
            "integrity": "sha512-SaaNal9imEO737H2c05Og0/8LUXG7EnsZyMa8MzkmuHoELfT6txuj0cMqRj6zfPKnmQ1yasR4PCJc8x+M4JSPA==",
            "dev": true,
            "requires": {
                "randombytes": "^2.1.0"
            }
        },
        "shellwords": {
            "version": "0.1.1",
            "resolved": "https://registry.npmjs.org/shellwords/-/shellwords-0.1.1.tgz",
            "integrity": "sha512-vFwSUfQvqybiICwZY5+DAWIPLKsWO31Q91JSKl3UYv+K5c2QRPzn0qzec6QPu1Qc9eHYItiP3NdJqNVqetYAww==",
            "dev": true
        },
        "slash": {
            "version": "3.0.0",
            "resolved": "https://registry.npmjs.org/slash/-/slash-3.0.0.tgz",
            "integrity": "sha512-g9Q1haeby36OSStwb4ntCGGGaKsaVSjQ68fBxoQcutl5fS1vuY18H3wSt3jFyFtrkx+Kz0V1G85A4MyAdDMi2Q==",
            "dev": true
        },
        "stimulus": {
            "version": "2.0.0",
            "resolved": "https://registry.npmjs.org/stimulus/-/stimulus-2.0.0.tgz",
            "integrity": "sha512-xipy7BS5TVpg4fX6S8LhrYZp7cmHGjmk09WSAiVx1gF5S5g43IWsuetfUhIk8HfHUG+4MQ9nY0FQz4dRFLs/8w==",
            "dev": true,
            "requires": {
                "@stimulus/core": "^2.0.0",
                "@stimulus/webpack-helpers": "^2.0.0"
            }
        },
        "to-regex-range": {
            "version": "5.0.1",
            "resolved": "https://registry.npmjs.org/to-regex-range/-/to-regex-range-5.0.1.tgz",
            "integrity": "sha512-65P7iz6X5yEr1cwcgvQxbbIw7Uk3gOy5dIdtZ4rDveLqhrdJP+Li/Hx6tyK0NEb+2GCyneCMJiGqrADCSNk8sQ==",
            "dev": true,
            "requires": {
                "is-number": "^7.0.0"
            }
        },
        "uri-js": {
            "version": "4.4.1",
            "resolved": "https://registry.npmjs.org/uri-js/-/uri-js-4.4.1.tgz",
            "integrity": "sha512-7rKUyy33Q1yc98pQ1DAmLtwX109F7TIfWlW1Ydo8Wl1ii1SeHieeh0HHfPeL2fMXK6z0s8ecKs9frCuLJvndBg==",
            "dev": true,
            "requires": {
                "punycode": "^2.1.0"
            }
        },
        "webpack-notifier": {
            "version": "1.13.0",
            "resolved": "https://registry.npmjs.org/webpack-notifier/-/webpack-notifier-1.13.0.tgz",
            "integrity": "sha512-QLk6l/TZKGhyN6Hd1zobaiYno7S9YPX3wH86+YOSufHes77SegGhnGdj+4vrLDFK5A4ZKoQD5GRXXFnM0h0N8A==",
            "dev": true,
            "requires": {
                "node-notifier": "^9.0.0",
                "strip-ansi": "^6.0.0"
            },
            "dependencies": {
                "ansi-regex": {
                    "version": "5.0.0",
                    "resolved": "https://registry.npmjs.org/ansi-regex/-/ansi-regex-5.0.0.tgz",
                    "integrity": "sha512-bY6fj56OUQ0hU1KjFNDQuJFezqKdrAyFdIevADiqrWHwSlbmBNMHp5ak2f40Pm8JTFyM2mqxkG6ngkHO11f/lg==",
                    "dev": true
                },
                "strip-ansi": {
                    "version": "6.0.0",
                    "resolved": "https://registry.npmjs.org/strip-ansi/-/strip-ansi-6.0.0.tgz",
                    "integrity": "sha512-AuvKTrTfQNYNIctbR1K/YGTR1756GycPsg7b9bdV9Duqur4gv6aKqHXah67Z8ImS7WEz5QVcOtlfW2rZEugt6w==",
                    "dev": true,
                    "requires": {
                        "ansi-regex": "^5.0.0"
                    }
                }
            }
        },
        "which": {
            "version": "2.0.2",
            "resolved": "https://registry.npmjs.org/which/-/which-2.0.2.tgz",
            "integrity": "sha512-BLI3Tl1TW3Pvl70l3yq3Y64i+awpwXqsGBYWkkqMtnbXgrMD+yj7rhW0kuEDxzJaYXGjEW5ogapKNMEKNMjibA==",
            "dev": true,
            "requires": {
                "isexe": "^2.0.0"
            }
        },
        "yallist": {
            "version": "4.0.0",
            "resolved": "https://registry.npmjs.org/yallist/-/yallist-4.0.0.tgz",
            "integrity": "sha512-3wdGidZyq5PB084XLES5TpOSRA3wjXAlIWMhum2kRcv/41Sn2emQ0dycQW4uZXLejwKvg6EsvbdlVL+FYEct7A==",
            "dev": true
        },
        "yocto-queue": {
            "version": "0.1.0",
            "resolved": "https://registry.npmjs.org/yocto-queue/-/yocto-queue-0.1.0.tgz",
            "integrity": "sha512-rVksvsnNCdJ/ohGc6xgPwyN8eheCxsiLM8mxuE/t/mOVqJewPuO1miLpTHQiRgTKCLexL4MeAFVagts7HmNZ2Q==",
            "dev": true
        }
    }
}
